
Microsoft Visual Studio Solution File, Format Version 12.00
# Visual Studio Version 17
VisualStudioVersion = 17.0.31903.59
MinimumVisualStudioVersion = 10.0.40219.1
Project("{FAE04EC0-301F-11D3-BF4B-00C04F79EFBC}") = "DrawSquare", "DrawSquare\DrawSquare.csproj", "{CF27A95F-E644-434D-9805-0D4A820D1C5F}"
EndProject
Project("{FAE04EC0-301F-11D3-BF4B-00C04F79EFBC}") = "Exercise", "Exercise\Exercise.csproj", "{9A3467C2-F8D8-4FDE-A76A-04F2E00B5CB0}"
EndProject
Global
	GlobalSection(SolutionConfigurationPlatforms) = preSolution
		Debug|Any CPU = Debug|Any CPU
		Release|Any CPU = Release|Any CPU
	EndGlobalSection
	GlobalSection(SolutionProperties) = preSolution
		HideSolutionNode = FALSE
	EndGlobalSection
	GlobalSection(ProjectConfigurationPlatforms) = postSolution
		{CF27A95F-E644-434D-9805-0D4A820D1C5F}.Debug|Any CPU.ActiveCfg = Debug|Any CPU
		{CF27A95F-E644-434D-9805-0D4A820D1C5F}.Debug|Any CPU.Build.0 = Debug|Any CPU
		{CF27A95F-E644-434D-9805-0D4A820D1C5F}.Release|Any CPU.ActiveCfg = Release|Any CPU
		{CF27A95F-E644-434D-9805-0D4A820D1C5F}.Release|Any CPU.Build.0 = Release|Any CPU
		{9A3467C2-F8D8-4FDE-A76A-04F2E00B5CB0}.Debug|Any CPU.ActiveCfg = Debug|Any CPU
		{9A3467C2-F8D8-4FDE-A76A-04F2E00B5CB0}.Debug|Any CPU.Build.0 = Debug|Any CPU
		{9A3467C2-F8D8-4FDE-A76A-04F2E00B5CB0}.Release|Any CPU.ActiveCfg = Release|Any CPU
		{9A3467C2-F8D8-4FDE-A76A-04F2E00B5CB0}.Release|Any CPU.Build.0 = Release|Any CPU
	EndGlobalSection
EndGlobal
