
Microsoft Visual Studio Solution File, Format Version 12.00
# Visual Studio Version 17
VisualStudioVersion = 17.2.32616.157
MinimumVisualStudioVersion = 10.0.40219.1
Project("{888888A0-9F3D-457C-B088-3A5042F75D52}") = "scalable-flask", "scalable-flask\scalable-flask.pyproj", "{33475DF3-5F90-4DB5-9DF1-DAE4E497C1CD}"
EndProject
Global
	GlobalSection(SolutionConfigurationPlatforms) = preSolution
		Debug|Any CPU = Debug|Any CPU
		Release|Any CPU = Release|Any CPU
	EndGlobalSection
	GlobalSection(ProjectConfigurationPlatforms) = postSolution
		{33475DF3-5F90-4DB5-9DF1-DAE4E497C1CD}.Debug|Any CPU.ActiveCfg = Debug|Any CPU
		{33475DF3-5F90-4DB5-9DF1-DAE4E497C1CD}.Debug|Any CPU.Build.0 = Debug|Any CPU
		{33475DF3-5F90-4DB5-9DF1-DAE4E497C1CD}.Release|Any CPU.ActiveCfg = Release|Any CPU
		{33475DF3-5F90-4DB5-9DF1-DAE4E497C1CD}.Release|Any CPU.Build.0 = Release|Any CPU
	EndGlobalSection
	GlobalSection(SolutionProperties) = preSolution
		HideSolutionNode = FALSE
	EndGlobalSection
	GlobalSection(ExtensibilityGlobals) = postSolution
		SolutionGuid = {080EC8ED-B179-4736-8094-DED876F52B69}
	EndGlobalSection
EndGlobal
